# This file is automatically @generated by Cargo.
# It is not intended for manual editing.
version = 4

[[package]]
name = "bitflags"
version = "2.10.0"
source = "registry+https://github.com/rust-lang/crates.io-index"
checksum = "812e12b5285cc515a9c72a5c1d3b6d46a19dac5acfef5265968c166106e31dd3"

[[package]]
name = "kernel"
version = "0.1.0"
dependencies = [
 "limine",
]

[[package]]
name = "limine"
version = "0.5.0"
source = "registry+https://github.com/rust-lang/crates.io-index"
checksum = "af6d2ee42712e7bd2c787365cd1dab06ef59a61becbf87bec7b32b970bd2594b"
dependencies = [
 "bitflags",
]
